
Microsoft Visual Studio Solution File, Format Version 11.00
# Visual Studio 2010
Project("{FAE04EC0-301F-11D3-BF4B-00C04F79EFBC}") = "Tetris", "Tetris\Tetris\Tetris.csproj", "{37BBD29F-29BA-49ED-8A59-E39940B3616C}"
EndProject
Project("{96E2B04D-8817-42C6-938A-82C39BA4D311}") = "TetrisContent", "Tetris\TetrisContent\TetrisContent.contentproj", "{7E287248-AE50-4A18-88C9-A4D45C5AC304}"
EndProject
Global
	GlobalSection(SolutionConfigurationPlatforms) = preSolution
		Debug|x86 = Debug|x86
		Release|x86 = Release|x86
	EndGlobalSection
	GlobalSection(ProjectConfigurationPlatforms) = postSolution
		{37BBD29F-29BA-49ED-8A59-E39940B3616C}.Debug|x86.ActiveCfg = Debug|x86
		{37BBD29F-29BA-49ED-8A59-E39940B3616C}.Debug|x86.Build.0 = Debug|x86
		{37BBD29F-29BA-49ED-8A59-E39940B3616C}.Release|x86.ActiveCfg = Release|x86
		{37BBD29F-29BA-49ED-8A59-E39940B3616C}.Release|x86.Build.0 = Release|x86
		{7E287248-AE50-4A18-88C9-A4D45C5AC304}.Debug|x86.ActiveCfg = Debug|x86
		{7E287248-AE50-4A18-88C9-A4D45C5AC304}.Release|x86.ActiveCfg = Release|x86
	EndGlobalSection
	GlobalSection(SolutionProperties) = preSolution
		HideSolutionNode = FALSE
	EndGlobalSection
EndGlobal
